
Microsoft Visual Studio Solution File, Format Version 12.00
# Visual Studio Version 16
VisualStudioVersion = 16.0.30128.74
MinimumVisualStudioVersion = 10.0.40219.1
Project("{9A19103F-16F7-4668-BE54-9A1E7A4F7556}") = "MeetNChat.Server", "MeetNChat\Server\MeetNChat.Server.csproj", "{737B139A-7180-47A5-840A-370A03DC93F0}"
EndProject
Project("{9A19103F-16F7-4668-BE54-9A1E7A4F7556}") = "MeetNChat.Client", "MeetNChat\Client\MeetNChat.Client.csproj", "{47A9CB04-A939-4579-BA34-B662E0D87D36}"
EndProject
Project("{9A19103F-16F7-4668-BE54-9A1E7A4F7556}") = "MeetNChat.Shared", "MeetNChat\Shared\MeetNChat.Shared.csproj", "{49052BAE-5E8D-46CF-A77E-7CBEF9E74F44}"
EndProject
Global
	GlobalSection(SolutionConfigurationPlatforms) = preSolution
		Debug|Any CPU = Debug|Any CPU
		Release|Any CPU = Release|Any CPU
	EndGlobalSection
	GlobalSection(ProjectConfigurationPlatforms) = postSolution
		{737B139A-7180-47A5-840A-370A03DC93F0}.Debug|Any CPU.ActiveCfg = Debug|Any CPU
		{737B139A-7180-47A5-840A-370A03DC93F0}.Debug|Any CPU.Build.0 = Debug|Any CPU
		{737B139A-7180-47A5-840A-370A03DC93F0}.Release|Any CPU.ActiveCfg = Release|Any CPU
		{737B139A-7180-47A5-840A-370A03DC93F0}.Release|Any CPU.Build.0 = Release|Any CPU
		{47A9CB04-A939-4579-BA34-B662E0D87D36}.Debug|Any CPU.ActiveCfg = Debug|Any CPU
		{47A9CB04-A939-4579-BA34-B662E0D87D36}.Debug|Any CPU.Build.0 = Debug|Any CPU
		{47A9CB04-A939-4579-BA34-B662E0D87D36}.Release|Any CPU.ActiveCfg = Release|Any CPU
		{47A9CB04-A939-4579-BA34-B662E0D87D36}.Release|Any CPU.Build.0 = Release|Any CPU
		{49052BAE-5E8D-46CF-A77E-7CBEF9E74F44}.Debug|Any CPU.ActiveCfg = Debug|Any CPU
		{49052BAE-5E8D-46CF-A77E-7CBEF9E74F44}.Debug|Any CPU.Build.0 = Debug|Any CPU
		{49052BAE-5E8D-46CF-A77E-7CBEF9E74F44}.Release|Any CPU.ActiveCfg = Release|Any CPU
		{49052BAE-5E8D-46CF-A77E-7CBEF9E74F44}.Release|Any CPU.Build.0 = Release|Any CPU
	EndGlobalSection
	GlobalSection(SolutionProperties) = preSolution
		HideSolutionNode = FALSE
	EndGlobalSection
	GlobalSection(ExtensibilityGlobals) = postSolution
		SolutionGuid = {366D09DA-B25D-4D93-823C-D944BA780413}
	EndGlobalSection
EndGlobal
